
Microsoft Visual Studio Solution File, Format Version 12.00
# Visual Studio Version 16
VisualStudioVersion = 16.0.28803.156
MinimumVisualStudioVersion = 10.0.40219.1
Project("{FAE04EC0-301F-11D3-BF4B-00C04F79EFBC}") = "MarvelApp", "Marvel\MarvelApp.csproj", "{0B20B1C6-6FF1-49B3-8BF5-291C4B10236C}"
EndProject
Global
	GlobalSection(SolutionConfigurationPlatforms) = preSolution
		Debug|Any CPU = Debug|Any CPU
		Release|Any CPU = Release|Any CPU
	EndGlobalSection
	GlobalSection(ProjectConfigurationPlatforms) = postSolution
		{0B20B1C6-6FF1-49B3-8BF5-291C4B10236C}.Debug|Any CPU.ActiveCfg = Debug|Any CPU
		{0B20B1C6-6FF1-49B3-8BF5-291C4B10236C}.Debug|Any CPU.Build.0 = Debug|Any CPU
		{0B20B1C6-6FF1-49B3-8BF5-291C4B10236C}.Release|Any CPU.ActiveCfg = Release|Any CPU
		{0B20B1C6-6FF1-49B3-8BF5-291C4B10236C}.Release|Any CPU.Build.0 = Release|Any CPU
	EndGlobalSection
	GlobalSection(SolutionProperties) = preSolution
		HideSolutionNode = FALSE
	EndGlobalSection
	GlobalSection(ExtensibilityGlobals) = postSolution
		SolutionGuid = {554E7B25-2775-46BA-9DDD-C0488123A5C8}
	EndGlobalSection
EndGlobal
